
Microsoft Visual Studio Solution File, Format Version 12.00
# Visual Studio Version 16
VisualStudioVersion = 16.0.30011.22
MinimumVisualStudioVersion = 10.0.40219.1
Project("{9A19103F-16F7-4668-BE54-9A1E7A4F7556}") = "771_Jewels_and_Stones", "771_Jewels_and_Stones\771_Jewels_and_Stones.csproj", "{A659068D-3282-435B-A832-AB8BC33892BA}"
EndProject
Project("{9A19103F-16F7-4668-BE54-9A1E7A4F7556}") = "1365_How_Many_Numbers_Are_Smaller_Than_the_Current_Number", "1365_How_Many_Numbers_Are_Smaller_Than_the_Current_Number\1365_How_Many_Numbers_Are_Smaller_Than_the_Current_Number.csproj", "{2715204B-E298-41AA-BEEC-59E4BA4B7A57}"
EndProject
Project("{9A19103F-16F7-4668-BE54-9A1E7A4F7556}") = "315_Count_of_Smaller_Numbers_After_Self", "315_Count_of_Smaller_Numbers_After_Self\315_Count_of_Smaller_Numbers_After_Self.csproj", "{F76CAB8C-F730-468C-9EFA-18AD5AEEE812}"
EndProject
Project("{9A19103F-16F7-4668-BE54-9A1E7A4F7556}") = "1313_Decompress_Ren-Length_Encoded_List", "1313_Decompress_Ren-Length_Encoded_List\1313_Decompress_Ren-Length_Encoded_List.csproj", "{18AE4155-1013-47C8-BF62-079730008EEC}"
EndProject
Project("{9A19103F-16F7-4668-BE54-9A1E7A4F7556}") = "1281_Subtract_the_Product_and_Sum_of_Digits_of_an_Integer", "1281_Subtract_the_Product_and_Sum_of_Digits_of_an_Integer\1281_Subtract_the_Product_and_Sum_of_Digits_of_an_Integer.csproj", "{A8E4093F-69ED-454C-AED4-6E04D0EED30A}"
EndProject
Project("{9A19103F-16F7-4668-BE54-9A1E7A4F7556}") = "1295_Find_NUmbers_with_Even_Number_of_Digits", "1295_Find_NUmbers_with_Even_Number_of_Digits\1295_Find_NUmbers_with_Even_Number_of_Digits.csproj", "{EA8EDB90-0DE0-4AC4-9C83-A571C034D4B9}"
EndProject
Project("{9A19103F-16F7-4668-BE54-9A1E7A4F7556}") = "1221_Split_a_String_in_Balanced_Strings", "1221_Split_a_String_in_Balanced_Strings\1221_Split_a_String_in_Balanced_Strings.csproj", "{B1B29C04-662F-435A-B551-1378CD431947}"
EndProject
Project("{9A19103F-16F7-4668-BE54-9A1E7A4F7556}") = "344_Reverse_String", "344_Reverse_String\344_Reverse_String.csproj", "{7489C946-B438-4C97-A4B1-B68C928A54AB}"
EndProject
Project("{9A19103F-16F7-4668-BE54-9A1E7A4F7556}") = "2_Add_Two_Numbers", "2_Add_Two_Numbers\2_Add_Two_Numbers.csproj", "{73DBEF56-28D9-4D41-951C-AE4BF0F129BD}"
EndProject
Project("{FAE04EC0-301F-11D3-BF4B-00C04F79EFBC}") = "1342_Number_of_Steps_to_Reduce_a_Number_to_Zero", "1342_Number_of_Steps_to_Reduce_a_Number_to_Zero\1342_Number_of_Steps_to_Reduce_a_Number_to_Zero.csproj", "{22656802-3263-4F23-8544-12F6924F2BE0}"
EndProject
Project("{FAE04EC0-301F-11D3-BF4B-00C04F79EFBC}") = "1317_Convert_Integer_to_the_Sum_of_Two_No-Zero_Integers", "1317_Convert_Integer_to_the_Sum_of_Two_No-Zero_Integers\1317_Convert_Integer_to_the_Sum_of_Two_No-Zero_Integers.csproj", "{0B7A7209-9B06-4E47-BD63-7F82BA63B397}"
EndProject
Project("{FAE04EC0-301F-11D3-BF4B-00C04F79EFBC}") = "3_Longest_Substring_Without_Repeating_Characters", "3_Longest_Substring_Without_Repeating_Characters\3_Longest_Substring_Without_Repeating_Characters.csproj", "{6614C7D4-19CA-428C-99D9-43DA7F8373BD}"
EndProject
Global
	GlobalSection(SolutionConfigurationPlatforms) = preSolution
		Debug|Any CPU = Debug|Any CPU
		Release|Any CPU = Release|Any CPU
	EndGlobalSection
	GlobalSection(ProjectConfigurationPlatforms) = postSolution
		{A659068D-3282-435B-A832-AB8BC33892BA}.Debug|Any CPU.ActiveCfg = Debug|Any CPU
		{A659068D-3282-435B-A832-AB8BC33892BA}.Debug|Any CPU.Build.0 = Debug|Any CPU
		{A659068D-3282-435B-A832-AB8BC33892BA}.Release|Any CPU.ActiveCfg = Release|Any CPU
		{A659068D-3282-435B-A832-AB8BC33892BA}.Release|Any CPU.Build.0 = Release|Any CPU
		{2715204B-E298-41AA-BEEC-59E4BA4B7A57}.Debug|Any CPU.ActiveCfg = Debug|Any CPU
		{2715204B-E298-41AA-BEEC-59E4BA4B7A57}.Debug|Any CPU.Build.0 = Debug|Any CPU
		{2715204B-E298-41AA-BEEC-59E4BA4B7A57}.Release|Any CPU.ActiveCfg = Release|Any CPU
		{2715204B-E298-41AA-BEEC-59E4BA4B7A57}.Release|Any CPU.Build.0 = Release|Any CPU
		{F76CAB8C-F730-468C-9EFA-18AD5AEEE812}.Debug|Any CPU.ActiveCfg = Debug|Any CPU
		{F76CAB8C-F730-468C-9EFA-18AD5AEEE812}.Debug|Any CPU.Build.0 = Debug|Any CPU
		{F76CAB8C-F730-468C-9EFA-18AD5AEEE812}.Release|Any CPU.ActiveCfg = Release|Any CPU
		{F76CAB8C-F730-468C-9EFA-18AD5AEEE812}.Release|Any CPU.Build.0 = Release|Any CPU
		{18AE4155-1013-47C8-BF62-079730008EEC}.Debug|Any CPU.ActiveCfg = Debug|Any CPU
		{18AE4155-1013-47C8-BF62-079730008EEC}.Debug|Any CPU.Build.0 = Debug|Any CPU
		{18AE4155-1013-47C8-BF62-079730008EEC}.Release|Any CPU.ActiveCfg = Release|Any CPU
		{18AE4155-1013-47C8-BF62-079730008EEC}.Release|Any CPU.Build.0 = Release|Any CPU
		{A8E4093F-69ED-454C-AED4-6E04D0EED30A}.Debug|Any CPU.ActiveCfg = Debug|Any CPU
		{A8E4093F-69ED-454C-AED4-6E04D0EED30A}.Debug|Any CPU.Build.0 = Debug|Any CPU
		{A8E4093F-69ED-454C-AED4-6E04D0EED30A}.Release|Any CPU.ActiveCfg = Release|Any CPU
		{A8E4093F-69ED-454C-AED4-6E04D0EED30A}.Release|Any CPU.Build.0 = Release|Any CPU
		{EA8EDB90-0DE0-4AC4-9C83-A571C034D4B9}.Debug|Any CPU.ActiveCfg = Debug|Any CPU
		{EA8EDB90-0DE0-4AC4-9C83-A571C034D4B9}.Debug|Any CPU.Build.0 = Debug|Any CPU
		{EA8EDB90-0DE0-4AC4-9C83-A571C034D4B9}.Release|Any CPU.ActiveCfg = Release|Any CPU
		{EA8EDB90-0DE0-4AC4-9C83-A571C034D4B9}.Release|Any CPU.Build.0 = Release|Any CPU
		{B1B29C04-662F-435A-B551-1378CD431947}.Debug|Any CPU.ActiveCfg = Debug|Any CPU
		{B1B29C04-662F-435A-B551-1378CD431947}.Debug|Any CPU.Build.0 = Debug|Any CPU
		{B1B29C04-662F-435A-B551-1378CD431947}.Release|Any CPU.ActiveCfg = Release|Any CPU
		{B1B29C04-662F-435A-B551-1378CD431947}.Release|Any CPU.Build.0 = Release|Any CPU
		{7489C946-B438-4C97-A4B1-B68C928A54AB}.Debug|Any CPU.ActiveCfg = Debug|Any CPU
		{7489C946-B438-4C97-A4B1-B68C928A54AB}.Debug|Any CPU.Build.0 = Debug|Any CPU
		{7489C946-B438-4C97-A4B1-B68C928A54AB}.Release|Any CPU.ActiveCfg = Release|Any CPU
		{7489C946-B438-4C97-A4B1-B68C928A54AB}.Release|Any CPU.Build.0 = Release|Any CPU
		{73DBEF56-28D9-4D41-951C-AE4BF0F129BD}.Debug|Any CPU.ActiveCfg = Debug|Any CPU
		{73DBEF56-28D9-4D41-951C-AE4BF0F129BD}.Debug|Any CPU.Build.0 = Debug|Any CPU
		{73DBEF56-28D9-4D41-951C-AE4BF0F129BD}.Release|Any CPU.ActiveCfg = Release|Any CPU
		{73DBEF56-28D9-4D41-951C-AE4BF0F129BD}.Release|Any CPU.Build.0 = Release|Any CPU
		{22656802-3263-4F23-8544-12F6924F2BE0}.Debug|Any CPU.ActiveCfg = Debug|Any CPU
		{22656802-3263-4F23-8544-12F6924F2BE0}.Debug|Any CPU.Build.0 = Debug|Any CPU
		{22656802-3263-4F23-8544-12F6924F2BE0}.Release|Any CPU.ActiveCfg = Release|Any CPU
		{22656802-3263-4F23-8544-12F6924F2BE0}.Release|Any CPU.Build.0 = Release|Any CPU
		{0B7A7209-9B06-4E47-BD63-7F82BA63B397}.Debug|Any CPU.ActiveCfg = Debug|Any CPU
		{0B7A7209-9B06-4E47-BD63-7F82BA63B397}.Debug|Any CPU.Build.0 = Debug|Any CPU
		{0B7A7209-9B06-4E47-BD63-7F82BA63B397}.Release|Any CPU.ActiveCfg = Release|Any CPU
		{0B7A7209-9B06-4E47-BD63-7F82BA63B397}.Release|Any CPU.Build.0 = Release|Any CPU
		{6614C7D4-19CA-428C-99D9-43DA7F8373BD}.Debug|Any CPU.ActiveCfg = Debug|Any CPU
		{6614C7D4-19CA-428C-99D9-43DA7F8373BD}.Debug|Any CPU.Build.0 = Debug|Any CPU
		{6614C7D4-19CA-428C-99D9-43DA7F8373BD}.Release|Any CPU.ActiveCfg = Release|Any CPU
		{6614C7D4-19CA-428C-99D9-43DA7F8373BD}.Release|Any CPU.Build.0 = Release|Any CPU
	EndGlobalSection
	GlobalSection(SolutionProperties) = preSolution
		HideSolutionNode = FALSE
	EndGlobalSection
	GlobalSection(ExtensibilityGlobals) = postSolution
		SolutionGuid = {AC1C20C8-952C-4070-B050-963C5F5E500D}
	EndGlobalSection
EndGlobal
